
Microsoft Visual Studio Solution File, Format Version 12.00
# Visual Studio Version 16
VisualStudioVersion = 16.0.808.3
MinimumVisualStudioVersion = 10.0.40219.1
Project("{FAE04EC0-301F-11D3-BF4B-00C04F79EFBC}") = "CloudLibrary", "CloudLibrary\CloudLibrary.csproj", "{C907AD6A-1945-4A47-8B14-DDEC47F7C14B}"
EndProject
Project("{FAE04EC0-301F-11D3-BF4B-00C04F79EFBC}") = "CloudManager", "CloudManager\CloudManager.csproj", "{685B2A27-12B1-4425-AA55-1CECAEB0B8CF}"
EndProject
Global
	GlobalSection(SolutionConfigurationPlatforms) = preSolution
		Debug|Any CPU = Debug|Any CPU
		Release|Any CPU = Release|Any CPU
	EndGlobalSection
	GlobalSection(ProjectConfigurationPlatforms) = postSolution
		{C907AD6A-1945-4A47-8B14-DDEC47F7C14B}.Debug|Any CPU.ActiveCfg = Debug|Any CPU
		{C907AD6A-1945-4A47-8B14-DDEC47F7C14B}.Debug|Any CPU.Build.0 = Debug|Any CPU
		{C907AD6A-1945-4A47-8B14-DDEC47F7C14B}.Release|Any CPU.ActiveCfg = Release|Any CPU
		{C907AD6A-1945-4A47-8B14-DDEC47F7C14B}.Release|Any CPU.Build.0 = Release|Any CPU
		{685B2A27-12B1-4425-AA55-1CECAEB0B8CF}.Debug|Any CPU.ActiveCfg = Debug|Any CPU
		{685B2A27-12B1-4425-AA55-1CECAEB0B8CF}.Debug|Any CPU.Build.0 = Debug|Any CPU
		{685B2A27-12B1-4425-AA55-1CECAEB0B8CF}.Release|Any CPU.ActiveCfg = Release|Any CPU
		{685B2A27-12B1-4425-AA55-1CECAEB0B8CF}.Release|Any CPU.Build.0 = Release|Any CPU
	EndGlobalSection
	GlobalSection(SolutionProperties) = preSolution
		HideSolutionNode = FALSE
	EndGlobalSection
	GlobalSection(ExtensibilityGlobals) = postSolution
		SolutionGuid = {5428B80C-8E18-45A5-8F8F-8A12618A07C1}
	EndGlobalSection
EndGlobal
